
Microsoft Visual Studio Solution File, Format Version 10.00
# Visual Studio 2008
Project("{FAE04EC0-301F-11D3-BF4B-00C04F79EFBC}") = "NosceIpsum", "NosceIpsum\NosceIpsum.csproj", "{36EA8EE0-E515-465A-9590-934F2CF885AF}"
EndProject
Global
	GlobalSection(SolutionConfigurationPlatforms) = preSolution
		Debug|Any CPU = Debug|Any CPU
		Release|Any CPU = Release|Any CPU
	EndGlobalSection
	GlobalSection(ProjectConfigurationPlatforms) = postSolution
		{36EA8EE0-E515-465A-9590-934F2CF885AF}.Debug|Any CPU.ActiveCfg = Debug|Any CPU
		{36EA8EE0-E515-465A-9590-934F2CF885AF}.Debug|Any CPU.Build.0 = Debug|Any CPU
		{36EA8EE0-E515-465A-9590-934F2CF885AF}.Release|Any CPU.ActiveCfg = Release|Any CPU
		{36EA8EE0-E515-465A-9590-934F2CF885AF}.Release|Any CPU.Build.0 = Release|Any CPU
	EndGlobalSection
	GlobalSection(SolutionProperties) = preSolution
		HideSolutionNode = FALSE
	EndGlobalSection
EndGlobal
